
Microsoft Visual Studio Solution File, Format Version 12.00
# Visual Studio 15
Project("{FAE04EC0-301F-11D3-BF4B-00C04F79EFBC}") = "client", "client\client.csproj", "{D08149F3-400D-4BC9-B006-676B7839BA4D}"
EndProject
Project("{FAE04EC0-301F-11D3-BF4B-00C04F79EFBC}") = "Server", "Server\Server.csproj", "{8E96A2AF-37F9-429C-9413-F9C332C96836}"
EndProject
Project("{FAE04EC0-301F-11D3-BF4B-00C04F79EFBC}") = "MyNetworkLibrary", "MyNetworkLibrary\MyNetworkLibrary.csproj", "{7799AD57-1222-4E5F-9B64-071A29D80853}"
EndProject
Global
	GlobalSection(SolutionConfigurationPlatforms) = preSolution
		Debug|anycpu = Debug|anycpu
		Release|anycpu = Release|anycpu
	EndGlobalSection
	GlobalSection(ProjectConfigurationPlatforms) = postSolution
		{D08149F3-400D-4BC9-B006-676B7839BA4D}.Debug|anycpu.ActiveCfg = Debug|anycpu
		{D08149F3-400D-4BC9-B006-676B7839BA4D}.Debug|anycpu.Build.0 = Debug|anycpu
		{D08149F3-400D-4BC9-B006-676B7839BA4D}.Release|anycpu.ActiveCfg = Release|anycpu
		{D08149F3-400D-4BC9-B006-676B7839BA4D}.Release|anycpu.Build.0 = Release|anycpu
		{8E96A2AF-37F9-429C-9413-F9C332C96836}.Debug|anycpu.ActiveCfg = Debug|anycpu
		{8E96A2AF-37F9-429C-9413-F9C332C96836}.Debug|anycpu.Build.0 = Debug|anycpu
		{8E96A2AF-37F9-429C-9413-F9C332C96836}.Release|anycpu.ActiveCfg = Release|anycpu
		{8E96A2AF-37F9-429C-9413-F9C332C96836}.Release|anycpu.Build.0 = Release|anycpu
		{7799AD57-1222-4E5F-9B64-071A29D80853}.Debug|anycpu.ActiveCfg = Debug|Any CPU
		{7799AD57-1222-4E5F-9B64-071A29D80853}.Debug|anycpu.Build.0 = Debug|Any CPU
		{7799AD57-1222-4E5F-9B64-071A29D80853}.Release|anycpu.ActiveCfg = Release|Any CPU
		{7799AD57-1222-4E5F-9B64-071A29D80853}.Release|anycpu.Build.0 = Release|Any CPU
	EndGlobalSection
EndGlobal
